PODS:
  - AFNetworking (3.1.0):
    - AFNetworking/NSURLSession (= 3.1.0)
    - AFNetworking/Reachability (= 3.1.0)
    - AFNetworking/Security (= 3.1.0)
    - AFNetworking/Serialization (= 3.1.0)
    - AFNetworking/UIKit (= 3.1.0)
  - AFNetworking/NSURLSession (3.1.0):
    - AFNetworking/Reachability
    - AFNetworking/Security
    - AFNetworking/Serialization
  - AFNetworking/Reachability (3.1.0)
  - AFNetworking/Security (3.1.0)
  - AFNetworking/Serialization (3.1.0)
  - AFNetworking/UIKit (3.1.0):
    - AFNetworking/NSURLSession
  - Real_FMBase (0.4.3):
    - AFNetworking

DEPENDENCIES:
  - Real_FMBase (from `../`)

EXTERNAL SOURCES:
  Real_FMBase:
    :path: ../

SPEC CHECKSUMS:
  AFNetworking: 5e0e199f73d8626b11e79750991f5d173d1f8b67
  Real_FMBase: 7e42d47c5d286641d3bfdf6d2a2160b28cdc4b49

PODFILE CHECKSUM: 9597b739fcd6ed176862f3a1196e059bf735cbb8

COCOAPODS: 1.2.1
